
Microsoft Visual Studio Solution File, Format Version 12.00
# Visual Studio 15
VisualStudioVersion = 15.0.27130.2027
MinimumVisualStudioVersion = 10.0.40219.1
Project("{888888A0-9F3D-457C-B088-3A5042F75D52}") = "MCTI_visualizacao", "MCTI_visualizacao.pyproj", "{1B1FF14C-6EAA-4955-9F4E-15F0E9BAA10D}"
EndProject
Global
	GlobalSection(SolutionConfigurationPlatforms) = preSolution
		Debug|Any CPU = Debug|Any CPU
		Release|Any CPU = Release|Any CPU
	EndGlobalSection
	GlobalSection(ProjectConfigurationPlatforms) = postSolution
		{1B1FF14C-6EAA-4955-9F4E-15F0E9BAA10D}.Debug|Any CPU.ActiveCfg = Debug|Any CPU
		{1B1FF14C-6EAA-4955-9F4E-15F0E9BAA10D}.Release|Any CPU.ActiveCfg = Release|Any CPU
	EndGlobalSection
	GlobalSection(SolutionProperties) = preSolution
		HideSolutionNode = FALSE
	EndGlobalSection
	GlobalSection(ExtensibilityGlobals) = postSolution
		SolutionGuid = {8464ACBF-3B14-4E1A-A0D0-E474EAC9F041}
	EndGlobalSection
EndGlobal
